PODS:
  - Kingfisher (4.6.4)
  - OHHTTPStubs (6.1.0):
    - OHHTTPStubs/Default (= 6.1.0)
  - OHHTTPStubs/Core (6.1.0)
  - OHHTTPStubs/Default (6.1.0):
    - OHHTTPStubs/Core
    - OHHTTPStubs/JSON
    - OHHTTPStubs/NSURLSession
    - OHHTTPStubs/OHPathHelpers
  - OHHTTPStubs/JSON (6.1.0):
    - OHHTTPStubs/Core
  - OHHTTPStubs/NSURLSession (6.1.0):
    - OHHTTPStubs/Core
  - OHHTTPStubs/OHPathHelpers (6.1.0)
  - OHHTTPStubs/Swift (6.1.0):
    - OHHTTPStubs/Default
  - SwiftyBeaver (1.5.1)
  - TABObserverSet (2.1.0)

DEPENDENCIES:
  - Kingfisher
  - OHHTTPStubs
  - OHHTTPStubs/Swift
  - SwiftyBeaver
  - TABObserverSet

SPEC CHECKSUMS:
  Kingfisher: 68498a706e46c2a050b0c9572f100e5db407f6e0
  OHHTTPStubs: 1e21c7d2c084b8153fc53d48400d8919d2d432d0
  SwiftyBeaver: 4f74563624b2c1e821c522c54142b5dd5ebb0f30
  TABObserverSet: dcdc5087b5dee54a9dcc29e155bb554394829f30

PODFILE CHECKSUM: 4289538f7349d8dbbfd18d3bfc985359c069df04

COCOAPODS: 1.4.0
