PODS:
  - Kingfisher (4.6.4)
  - OHHTTPStubs (6.1.0):
    - OHHTTPStubs/Default (= 6.1.0)
  - OHHTTPStubs/Core (6.1.0)
  - OHHTTPStubs/Default (6.1.0):
    - OHHTTPStubs/Core
    - OHHTTPStubs/JSON
    - OHHTTPStubs/NSURLSession
    - OHHTTPStubs/OHPathHelpers
  - OHHTTPStubs/JSON (6.1.0):
    - OHHTTPStubs/Core
  - OHHTTPStubs/NSURLSession (6.1.0):
    - OHHTTPStubs/Core
  - OHHTTPStubs/OHPathHelpers (6.1.0)
  - OHHTTPStubs/Swift (6.1.0):
    - OHHTTPStubs/Default
  - RxCocoa (4.1.2):
    - RxSwift (~> 4.0)
  - RxSwift (4.1.2)
  - SwiftyBeaver (1.5.1)

DEPENDENCIES:
  - Kingfisher
  - OHHTTPStubs
  - OHHTTPStubs/Swift
  - RxCocoa
  - RxSwift
  - SwiftyBeaver

SPEC CHECKSUMS:
  Kingfisher: 68498a706e46c2a050b0c9572f100e5db407f6e0
  OHHTTPStubs: 1e21c7d2c084b8153fc53d48400d8919d2d432d0
  RxCocoa: d88ba0f1f6abf040011a9eb4b539324fc426843a
  RxSwift: e49536837d9901277638493ea537394d4b55f570
  SwiftyBeaver: 4f74563624b2c1e821c522c54142b5dd5ebb0f30

PODFILE CHECKSUM: 74d2ecee52df4a00aad480a10083eca5d0415a6c

COCOAPODS: 1.4.0
